
Microsoft Visual Studio Solution File, Format Version 12.00
# Visual Studio Version 17
VisualStudioVersion = 17.5.002.0
MinimumVisualStudioVersion = 10.0.40219.1
Project("{9A19103F-16F7-4668-BE54-9A1E7A4F7556}") = "Task.1", "Task.1\Task.1.csproj", "{7BBB6473-5138-48B4-8637-D0E2E23AC448}"
EndProject
Project("{FAE04EC0-301F-11D3-BF4B-00C04F79EFBC}") = "Task.5", "Task.5\Task.5.csproj", "{2F69331C-590E-4AE0-B504-06701E96B4CD}"
EndProject
Project("{FAE04EC0-301F-11D3-BF4B-00C04F79EFBC}") = "Task.6", "Task.6\Task.6.csproj", "{B9A58BEF-93DE-4BC8-8610-5428D2EE6B6F}"
EndProject
Global
	GlobalSection(SolutionConfigurationPlatforms) = preSolution
		Debug|Any CPU = Debug|Any CPU
		Release|Any CPU = Release|Any CPU
	EndGlobalSection
	GlobalSection(ProjectConfigurationPlatforms) = postSolution
		{7BBB6473-5138-48B4-8637-D0E2E23AC448}.Debug|Any CPU.ActiveCfg = Debug|Any CPU
		{7BBB6473-5138-48B4-8637-D0E2E23AC448}.Debug|Any CPU.Build.0 = Debug|Any CPU
		{7BBB6473-5138-48B4-8637-D0E2E23AC448}.Release|Any CPU.ActiveCfg = Release|Any CPU
		{7BBB6473-5138-48B4-8637-D0E2E23AC448}.Release|Any CPU.Build.0 = Release|Any CPU
		{2F69331C-590E-4AE0-B504-06701E96B4CD}.Debug|Any CPU.ActiveCfg = Debug|Any CPU
		{2F69331C-590E-4AE0-B504-06701E96B4CD}.Debug|Any CPU.Build.0 = Debug|Any CPU
		{2F69331C-590E-4AE0-B504-06701E96B4CD}.Release|Any CPU.ActiveCfg = Release|Any CPU
		{2F69331C-590E-4AE0-B504-06701E96B4CD}.Release|Any CPU.Build.0 = Release|Any CPU
		{B9A58BEF-93DE-4BC8-8610-5428D2EE6B6F}.Debug|Any CPU.ActiveCfg = Debug|Any CPU
		{B9A58BEF-93DE-4BC8-8610-5428D2EE6B6F}.Debug|Any CPU.Build.0 = Debug|Any CPU
		{B9A58BEF-93DE-4BC8-8610-5428D2EE6B6F}.Release|Any CPU.ActiveCfg = Release|Any CPU
		{B9A58BEF-93DE-4BC8-8610-5428D2EE6B6F}.Release|Any CPU.Build.0 = Release|Any CPU
	EndGlobalSection
	GlobalSection(SolutionProperties) = preSolution
		HideSolutionNode = FALSE
	EndGlobalSection
	GlobalSection(ExtensibilityGlobals) = postSolution
		SolutionGuid = {4953FEB0-51A3-4F58-806C-7778F93D93D8}
	EndGlobalSection
EndGlobal
